PODS:
  - Alamofire (4.7.2)
  - Freddy (3.0.3)
  - RxAlamofire (4.2.0):
    - RxAlamofire/Core (= 4.2.0)
  - RxAlamofire/Core (4.2.0):
    - Alamofire (~> 4.5)
    - RxSwift (~> 4)
  - RxBlocking (4.1.2):
    - RxSwift (~> 4.0)
  - RxCocoa (4.1.2):
    - RxSwift (~> 4.0)
  - RxOptional (3.4.0):
    - RxCocoa (~> 4.0)
    - RxSwift (~> 4.0)
  - RxSwift (4.1.2)
  - RxTest (4.1.2):
    - RxSwift (~> 4.0)

DEPENDENCIES:
  - Alamofire (~> 4.7)
  - Freddy
  - RxAlamofire
  - RxBlocking (~> 4.0)
  - RxCocoa (~> 4.0)
  - RxOptional
  - RxSwift (~> 4.0)
  - RxTest (~> 4.0)

SPEC REPOS:
  https://github.com/CocoaPods/Specs.git:
    - Alamofire
    - Freddy
    - RxAlamofire
    - RxBlocking
    - RxCocoa
    - RxOptional
    - RxSwift
    - RxTest

SPEC CHECKSUMS:
  Alamofire: e4fa87002c137ba2d8d634d2c51fabcda0d5c223
  Freddy: 7c62db262a0d0e3b3e2b8b40f2c0cc51e122fbc4
  RxAlamofire: 87a9c588541210cc3e4a1f843ccc3ecf3eb98b31
  RxBlocking: f6054985901412fc8c02daa84e92d4ba68c61389
  RxCocoa: d88ba0f1f6abf040011a9eb4b539324fc426843a
  RxOptional: fabc37fc8e3cf4c336ebaeb5c92b576c64b2e6c5
  RxSwift: e49536837d9901277638493ea537394d4b55f570
  RxTest: e634f15fd2c2cd0e0120132ef7a4f7be69ad0393

PODFILE CHECKSUM: 5aa5eff30b615ad3bd008e503b672f479068435e

COCOAPODS: 1.5.0
